
Microsoft Visual Studio Solution File, Format Version 12.00
# Visual Studio 15
VisualStudioVersion = 15.0.27004.2005
MinimumVisualStudioVersion = 10.0.40219.1
Project("{FAE04EC0-301F-11D3-BF4B-00C04F79EFBC}") = "SistemZaBolnicu", "SistemZaBolnicu\SistemZaBolnicu.csproj", "{DD814F60-1790-461B-8E07-AA9E52908945}"
EndProject
Global
	GlobalSection(SolutionConfigurationPlatforms) = preSolution
		Debug|Any CPU = Debug|Any CPU
		Release|Any CPU = Release|Any CPU
	EndGlobalSection
	GlobalSection(ProjectConfigurationPlatforms) = postSolution
		{DD814F60-1790-461B-8E07-AA9E52908945}.Debug|Any CPU.ActiveCfg = Debug|Any CPU
		{DD814F60-1790-461B-8E07-AA9E52908945}.Debug|Any CPU.Build.0 = Debug|Any CPU
		{DD814F60-1790-461B-8E07-AA9E52908945}.Release|Any CPU.ActiveCfg = Release|Any CPU
		{DD814F60-1790-461B-8E07-AA9E52908945}.Release|Any CPU.Build.0 = Release|Any CPU
	EndGlobalSection
	GlobalSection(SolutionProperties) = preSolution
		HideSolutionNode = FALSE
	EndGlobalSection
	GlobalSection(ExtensibilityGlobals) = postSolution
		SolutionGuid = {7B89150C-4398-4F80-A9F5-D2E11A342E60}
	EndGlobalSection
EndGlobal
